name: Update Poetry Lock File

on:
  workflow_dispatch:
  push:
    paths:
      - 'pyproject.toml'

permissions:
  contents: write

jobs:
  update-lock:
    runs-on: ubuntu-latest
    steps:
      - uses: actions/checkout@v4
        with:
          token: ${{ secrets.GITHUB_TOKEN }}

      - name: Set up Python
        uses: actions/setup-python@v5
        with:
          python-version: '3.10'

      - name: Install Poetry
        run: |
          curl -sSL https://install.python-poetry.org | python3 -
          echo "$HOME/.local/bin" >> $GITHUB_PATH

      - name: Update poetry.lock
        run: |
          poetry lock

      - name: Commit and push if changed
        run: |
          git config --local user.name 'github-actions[bot]'
          git config --local user.email 'github-actions[bot]@users.noreply.github.com'
          git add poetry.lock
          if ! git diff --staged --quiet; then
            git commit -m "chore: update poetry.lock file [skip ci]"
            git push
          else
            echo "No changes to poetry.lock"
          fi
